
Microsoft Visual Studio Solution File, Format Version 12.00
# Visual Studio Version 17
VisualStudioVersion = 17.7.34221.43
MinimumVisualStudioVersion = 10.0.40219.1
Project("{FAE04EC0-301F-11D3-BF4B-00C04F79EFBC}") = "DataAccess", "DataAccess\DataAccess.csproj", "{BE2E2042-D06F-4FE3-9973-D67A774340C8}"
EndProject
Project("{FAE04EC0-301F-11D3-BF4B-00C04F79EFBC}") = "Business", "Business\Business.csproj", "{A32954B4-6414-491A-A659-9A20033FBF43}"
EndProject
Project("{FAE04EC0-301F-11D3-BF4B-00C04F79EFBC}") = "Entities", "Entities\Entities.csproj", "{6CB9CF62-FE11-4388-8FC7-1B2E2308F567}"
EndProject
Project("{FAE04EC0-301F-11D3-BF4B-00C04F79EFBC}") = "ConsoleUI", "ConsoleUI\ConsoleUI.csproj", "{7CE39DD0-EECD-4307-971E-7C08634EB441}"
EndProject
Global
	GlobalSection(SolutionConfigurationPlatforms) = preSolution
		Debug|Any CPU = Debug|Any CPU
		Release|Any CPU = Release|Any CPU
	EndGlobalSection
	GlobalSection(ProjectConfigurationPlatforms) = postSolution
		{BE2E2042-D06F-4FE3-9973-D67A774340C8}.Debug|Any CPU.ActiveCfg = Debug|Any CPU
		{BE2E2042-D06F-4FE3-9973-D67A774340C8}.Debug|Any CPU.Build.0 = Debug|Any CPU
		{BE2E2042-D06F-4FE3-9973-D67A774340C8}.Release|Any CPU.ActiveCfg = Release|Any CPU
		{BE2E2042-D06F-4FE3-9973-D67A774340C8}.Release|Any CPU.Build.0 = Release|Any CPU
		{A32954B4-6414-491A-A659-9A20033FBF43}.Debug|Any CPU.ActiveCfg = Debug|Any CPU
		{A32954B4-6414-491A-A659-9A20033FBF43}.Debug|Any CPU.Build.0 = Debug|Any CPU
		{A32954B4-6414-491A-A659-9A20033FBF43}.Release|Any CPU.ActiveCfg = Release|Any CPU
		{A32954B4-6414-491A-A659-9A20033FBF43}.Release|Any CPU.Build.0 = Release|Any CPU
		{6CB9CF62-FE11-4388-8FC7-1B2E2308F567}.Debug|Any CPU.ActiveCfg = Debug|Any CPU
		{6CB9CF62-FE11-4388-8FC7-1B2E2308F567}.Debug|Any CPU.Build.0 = Debug|Any CPU
		{6CB9CF62-FE11-4388-8FC7-1B2E2308F567}.Release|Any CPU.ActiveCfg = Release|Any CPU
		{6CB9CF62-FE11-4388-8FC7-1B2E2308F567}.Release|Any CPU.Build.0 = Release|Any CPU
		{7CE39DD0-EECD-4307-971E-7C08634EB441}.Debug|Any CPU.ActiveCfg = Debug|Any CPU
		{7CE39DD0-EECD-4307-971E-7C08634EB441}.Debug|Any CPU.Build.0 = Debug|Any CPU
		{7CE39DD0-EECD-4307-971E-7C08634EB441}.Release|Any CPU.ActiveCfg = Release|Any CPU
		{7CE39DD0-EECD-4307-971E-7C08634EB441}.Release|Any CPU.Build.0 = Release|Any CPU
	EndGlobalSection
	GlobalSection(SolutionProperties) = preSolution
		HideSolutionNode = FALSE
	EndGlobalSection
	GlobalSection(ExtensibilityGlobals) = postSolution
		SolutionGuid = {B81E1394-8583-4EFD-B9A2-8CA551D27EF3}
	EndGlobalSection
EndGlobal
